<?xml version="1.0" encoding="utf-8"?>
<Project ToolsVersion="4.0" xmlns="http://schemas.microsoft.com/developer/msbuild/2003">
  <ItemGroup>
    <Filter Include="소스 파일">
      <UniqueIdentifier>{4FC737F1-C7A5-4376-A066-2A32D752A2FF}</UniqueIdentifier>
      <Extensions>cpp;c;cc;cxx;c++;cppm;ixx;def;odl;idl;hpj;bat;asm;asmx</Extensions>
    </Filter>
    <Filter Include="헤더 파일">
      <UniqueIdentifier>{93995380-89BD-4b04-88EB-625FBE52EBFB}</UniqueIdentifier>
      <Extensions>h;hh;hpp;hxx;h++;hm;inl;inc;ipp;xsd</Extensions>
    </Filter>
    <Filter Include="리소스 파일">
      <UniqueIdentifier>{67DA6AB6-F800-4c08-8B7A-83BB121AAD01}</UniqueIdentifier>
      <Extensions>rc;ico;cur;bmp;dlg;rc2;rct;bin;rgs;gif;jpg;jpeg;jpe;resx;tiff;tif;png;wav;mfcribbon-ms</Extensions>
    </Filter>
    <Filter Include="00. MainGame">
      <UniqueIdentifier>{253ae8c9-e4a0-4761-82ba-eb260cc03852}</UniqueIdentifier>
    </Filter>
    <Filter Include="01. CObj">
      <UniqueIdentifier>{db4f9db2-693b-4324-a971-8e8390903897}</UniqueIdentifier>
    </Filter>
    <Filter Include="01. CObj\1-1. CPlayer">
      <UniqueIdentifier>{5b80ed77-fb94-490f-87ea-82b4ba6f024a}</UniqueIdentifier>
    </Filter>
    <Filter Include="01. CObj\1-2. CBullet">
      <UniqueIdentifier>{0ca0216a-f01d-4991-a7a7-b37dfe74e593}</UniqueIdentifier>
    </Filter>
    <Filter Include="01. CObj\1-3. CMonster">
      <UniqueIdentifier>{9804ee2b-9222-489a-89d6-4efd29b5a8bf}</UniqueIdentifier>
    </Filter>
  </ItemGroup>
  <ItemGroup>
    <ClInclude Include="framework.h">
      <Filter>헤더 파일</Filter>
    </ClInclude>
    <ClInclude Include="targetver.h">
      <Filter>헤더 파일</Filter>
    </ClInclude>
    <ClInclude Include="Resource.h">
      <Filter>헤더 파일</Filter>
    </ClInclude>
    <ClInclude Include="API1.h">
      <Filter>헤더 파일</Filter>
    </ClInclude>
    <ClInclude Include="CMainGame.h">
      <Filter>00. MainGame</Filter>
    </ClInclude>
    <ClInclude Include="define.h">
      <Filter>헤더 파일</Filter>
    </ClInclude>
    <ClInclude Include="CPlayer.h">
      <Filter>01. CObj\1-1. CPlayer</Filter>
    </ClInclude>
    <ClInclude Include="CObj.h">
      <Filter>01. CObj</Filter>
    </ClInclude>
    <ClInclude Include="CBullet.h">
      <Filter>01. CObj\1-2. CBullet</Filter>
    </ClInclude>
    <ClInclude Include="CMonster.h">
      <Filter>01. CObj\1-3. CMonster</Filter>
    </ClInclude>
  </ItemGroup>
  <ItemGroup>
    <ClCompile Include="API1.cpp">
      <Filter>소스 파일</Filter>
    </ClCompile>
    <ClCompile Include="CMainGame.cpp">
      <Filter>00. MainGame</Filter>
    </ClCompile>
    <ClCompile Include="CPlayer.cpp">
      <Filter>01. CObj\1-1. CPlayer</Filter>
    </ClCompile>
    <ClCompile Include="CObj.cpp">
      <Filter>01. CObj</Filter>
    </ClCompile>
    <ClCompile Include="CBullet.cpp">
      <Filter>01. CObj\1-2. CBullet</Filter>
    </ClCompile>
    <ClCompile Include="CMonster.cpp">
      <Filter>01. CObj\1-3. CMonster</Filter>
    </ClCompile>
  </ItemGroup>
  <ItemGroup>
    <ResourceCompile Include="API1.rc">
      <Filter>리소스 파일</Filter>
    </ResourceCompile>
  </ItemGroup>
  <ItemGroup>
    <Image Include="small.ico">
      <Filter>리소스 파일</Filter>
    </Image>
    <Image Include="API1.ico">
      <Filter>리소스 파일</Filter>
    </Image>
  </ItemGroup>
</Project>